
Microsoft Visual Studio Solution File, Format Version 12.00
Project("{FAE04EC0-301F-11D3-BF4B-00C04F79EFBC}") = "HomeWorkss", "HomeWorkss\HomeWorkss.csproj", "{DAC1CA4B-1B38-4D0A-95CF-3ADBF2F156AB}"
EndProject
Global
	GlobalSection(SolutionConfigurationPlatforms) = preSolution
		Debug|Any CPU = Debug|Any CPU
		Release|Any CPU = Release|Any CPU
	EndGlobalSection
	GlobalSection(ProjectConfigurationPlatforms) = postSolution
		{DAC1CA4B-1B38-4D0A-95CF-3ADBF2F156AB}.Debug|Any CPU.ActiveCfg = Debug|Any CPU
		{DAC1CA4B-1B38-4D0A-95CF-3ADBF2F156AB}.Debug|Any CPU.Build.0 = Debug|Any CPU
		{DAC1CA4B-1B38-4D0A-95CF-3ADBF2F156AB}.Release|Any CPU.ActiveCfg = Release|Any CPU
		{DAC1CA4B-1B38-4D0A-95CF-3ADBF2F156AB}.Release|Any CPU.Build.0 = Release|Any CPU
	EndGlobalSection
EndGlobal
